// !$*UTF8*$!
{
	archiveVersion = 1;
	classes = {
	};
	objectVersion = 56;
	objects = {

/* Begin PBXBuildFile section */
		709747282C8481F100A0DE65 /* SnackoverflowApp.swift in Sources */ = {isa = PBXBuildFile; fileRef = 709747272C8481F100A0DE65 /* SnackoverflowApp.swift */; };
		7097472A2C8481F100A0DE65 /* ContentView.swift in Sources */ = {isa = PBXBuildFile; fileRef = 709747292C8481F100A0DE65 /* ContentView.swift */; };
		7097472C2C8481F200A0DE65 /* Assets.xcassets in Resources */ = {isa = PBXBuildFile; fileRef = 7097472B2C8481F200A0DE65 /* Assets.xcassets */; };
		7097472F2C8481F200A0DE65 /* Preview Assets.xcassets in Resources */ = {isa = PBXBuildFile; fileRef = 7097472E2C8481F200A0DE65 /* Preview Assets.xcassets */; };
		7097473C2C8482D500A0DE65 /* WellcomeView.swift in Sources */ = {isa = PBXBuildFile; fileRef = 7097473B2C8482D500A0DE65 /* WellcomeView.swift */; };
		7097473E2C8484A400A0DE65 /* Colors.xcassets in Resources */ = {isa = PBXBuildFile; fileRef = 7097473D2C8484A400A0DE65 /* Colors.xcassets */; };
		709747402C8484CA00A0DE65 /* Images.xcassets in Resources */ = {isa = PBXBuildFile; fileRef = 7097473F2C8484CA00A0DE65 /* Images.xcassets */; };
		709747452C84884C00A0DE65 /* Images.swift in Sources */ = {isa = PBXBuildFile; fileRef = 709747442C84884C00A0DE65 /* Images.swift */; };
		709747482C84926200A0DE65 /* Colors.swift in Sources */ = {isa = PBXBuildFile; fileRef = 709747472C84926200A0DE65 /* Colors.swift */; };
		7097474B2C8492DF00A0DE65 /* Icons.swift in Sources */ = {isa = PBXBuildFile; fileRef = 7097474A2C8492DF00A0DE65 /* Icons.swift */; };
		7097474F2C849BB500A0DE65 /* FacebookButton.swift in Sources */ = {isa = PBXBuildFile; fileRef = 7097474E2C849BB500A0DE65 /* FacebookButton.swift */; };
		709747512C84B5AF00A0DE65 /* EdgeInserts.swift in Sources */ = {isa = PBXBuildFile; fileRef = 709747502C84B5AF00A0DE65 /* EdgeInserts.swift */; };
		709747572C84B8FC00A0DE65 /* Localizable.strings in Resources */ = {isa = PBXBuildFile; fileRef = 709747552C84B8FC00A0DE65 /* Localizable.strings */; };
		709747592C84BB2700A0DE65 /* LocalKeys.swift in Sources */ = {isa = PBXBuildFile; fileRef = 709747582C84BB2700A0DE65 /* LocalKeys.swift */; };
		7097475B2C84BDF000A0DE65 /* GoogleButton.swift in Sources */ = {isa = PBXBuildFile; fileRef = 7097475A2C84BDF000A0DE65 /* GoogleButton.swift */; };
		7097475D2C84BEE300A0DE65 /* Custom_Edgeinserts.swift in Sources */ = {isa = PBXBuildFile; fileRef = 7097475C2C84BEE300A0DE65 /* Custom_Edgeinserts.swift */; };
		7097475F2C84BF2B00A0DE65 /* PagePadidngs.swift in Sources */ = {isa = PBXBuildFile; fileRef = 7097475E2C84BF2B00A0DE65 /* PagePadidngs.swift */; };
		709747612C84C2A500A0DE65 /* Radius.swift in Sources */ = {isa = PBXBuildFile; fileRef = 709747602C84C2A500A0DE65 /* Radius.swift */; };
		709747632C84C39600A0DE65 /* AppleButton.swift in Sources */ = {isa = PBXBuildFile; fileRef = 709747622C84C39600A0DE65 /* AppleButton.swift */; };
		709747662C84C53700A0DE65 /* ViewSize.swift in Sources */ = {isa = PBXBuildFile; fileRef = 709747652C84C53700A0DE65 /* ViewSize.swift */; };
		709747692C84C59B00A0DE65 /* EmailButton.swift in Sources */ = {isa = PBXBuildFile; fileRef = 709747682C84C59B00A0DE65 /* EmailButton.swift */; };
		7097476B2C84CBCA00A0DE65 /* DynamicSize_GeometryProxy.swift in Sources */ = {isa = PBXBuildFile; fileRef = 7097476A2C84CBCA00A0DE65 /* DynamicSize_GeometryProxy.swift */; };
		7097476E2C84CDAA00A0DE65 /* OnboardView.swift in Sources */ = {isa = PBXBuildFile; fileRef = 7097476D2C84CDAA00A0DE65 /* OnboardView.swift */; };
		709747702C84CFB800A0DE65 /* NormalButton.swift in Sources */ = {isa = PBXBuildFile; fileRef = 7097476F2C84CFB800A0DE65 /* NormalButton.swift */; };
		709747732C84D88800A0DE65 /* FontSize.swift in Sources */ = {isa = PBXBuildFile; fileRef = 709747722C84D88800A0DE65 /* FontSize.swift */; };
		709747752C84D95F00A0DE65 /* OnboardModel.swift in Sources */ = {isa = PBXBuildFile; fileRef = 709747742C84D95F00A0DE65 /* OnboardModel.swift */; };
		709747782C850E6400A0DE65 /* LoginView.swift in Sources */ = {isa = PBXBuildFile; fileRef = 709747772C850E6400A0DE65 /* LoginView.swift */; };
		7097477B2C851CB000A0DE65 /* TextFieldModifier.swift in Sources */ = {isa = PBXBuildFile; fileRef = 7097477A2C851CB000A0DE65 /* TextFieldModifier.swift */; };
		7097477D2C866B9C00A0DE65 /* OnboardViewModel.swift in Sources */ = {isa = PBXBuildFile; fileRef = 7097477C2C866B9C00A0DE65 /* OnboardViewModel.swift */; };
		709747802C866D3E00A0DE65 /* UserCacheItems.swift in Sources */ = {isa = PBXBuildFile; fileRef = 7097477F2C866D3E00A0DE65 /* UserCacheItems.swift */; };
		709747842C887BFE00A0DE65 /* NetworkManager.swift in Sources */ = {isa = PBXBuildFile; fileRef = 709747832C887BFE00A0DE65 /* NetworkManager.swift */; };
		709747872C887E4800A0DE65 /* UserResponse.swift in Sources */ = {isa = PBXBuildFile; fileRef = 709747862C887E4800A0DE65 /* UserResponse.swift */; };
		709747942C88884A00A0DE65 /* SnackoverflowTests.swift in Sources */ = {isa = PBXBuildFile; fileRef = 709747932C88884A00A0DE65 /* SnackoverflowTests.swift */; };
		7097479C2C8888A000A0DE65 /* Alamofire in Frameworks */ = {isa = PBXBuildFile; productRef = 7097479B2C8888A000A0DE65 /* Alamofire */; };
/* End PBXBuildFile section */

/* Begin PBXContainerItemProxy section */
		709747952C88884A00A0DE65 /* PBXContainerItemProxy */ = {
			isa = PBXContainerItemProxy;
			containerPortal = 7097471C2C8481F000A0DE65 /* Project object */;
			proxyType = 1;
			remoteGlobalIDString = 709747232C8481F100A0DE65;
			remoteInfo = Snackoverflow;
		};
/* End PBXContainerItemProxy section */

/* Begin PBXFileReference section */
		709747242C8481F100A0DE65 /* Snackoverflow.app */ = {isa = PBXFileReference; explicitFileType = wrapper.application; includeInIndex = 0; path = Snackoverflow.app; sourceTree = BUILT_PRODUCTS_DIR; };
		709747272C8481F100A0DE65 /* SnackoverflowApp.swift */ = {isa = PBXFileReference; lastKnownFileType = sourcecode.swift; path = SnackoverflowApp.swift; sourceTree = "<group>"; };
		709747292C8481F100A0DE65 /* ContentView.swift */ = {isa = PBXFileReference; lastKnownFileType = sourcecode.swift; path = ContentView.swift; sourceTree = "<group>"; };
		7097472B2C8481F200A0DE65 /* Assets.xcassets */ = {isa = PBXFileReference; lastKnownFileType = folder.assetcatalog; path = Assets.xcassets; sourceTree = "<group>"; };
		7097472E2C8481F200A0DE65 /* Preview Assets.xcassets */ = {isa = PBXFileReference; lastKnownFileType = folder.assetcatalog; path = "Preview Assets.xcassets"; sourceTree = "<group>"; };
		7097473B2C8482D500A0DE65 /* WellcomeView.swift */ = {isa = PBXFileReference; lastKnownFileType = sourcecode.swift; path = WellcomeView.swift; sourceTree = "<group>"; };
		7097473D2C8484A400A0DE65 /* Colors.xcassets */ = {isa = PBXFileReference; lastKnownFileType = folder.assetcatalog; path = Colors.xcassets; sourceTree = "<group>"; };
		7097473F2C8484CA00A0DE65 /* Images.xcassets */ = {isa = PBXFileReference; lastKnownFileType = folder.assetcatalog; path = Images.xcassets; sourceTree = "<group>"; };
		709747442C84884C00A0DE65 /* Images.swift */ = {isa = PBXFileReference; lastKnownFileType = sourcecode.swift; path = Images.swift; sourceTree = "<group>"; };
		709747472C84926200A0DE65 /* Colors.swift */ = {isa = PBXFileReference; lastKnownFileType = sourcecode.swift; path = Colors.swift; sourceTree = "<group>"; };
		7097474A2C8492DF00A0DE65 /* Icons.swift */ = {isa = PBXFileReference; lastKnownFileType = sourcecode.swift; path = Icons.swift; sourceTree = "<group>"; };
		7097474E2C849BB500A0DE65 /* FacebookButton.swift */ = {isa = PBXFileReference; lastKnownFileType = sourcecode.swift; path = FacebookButton.swift; sourceTree = "<group>"; };
		709747502C84B5AF00A0DE65 /* EdgeInserts.swift */ = {isa = PBXFileReference; lastKnownFileType = sourcecode.swift; path = EdgeInserts.swift; sourceTree = "<group>"; };
		709747562C84B8FC00A0DE65 /* en */ = {isa = PBXFileReference; lastKnownFileType = text.plist.strings; name = en; path = en.lproj/Localizable.strings; sourceTree = "<group>"; };
		709747582C84BB2700A0DE65 /* LocalKeys.swift */ = {isa = PBXFileReference; lastKnownFileType = sourcecode.swift; path = LocalKeys.swift; sourceTree = "<group>"; };
		7097475A2C84BDF000A0DE65 /* GoogleButton.swift */ = {isa = PBXFileReference; lastKnownFileType = sourcecode.swift; path = GoogleButton.swift; sourceTree = "<group>"; };
		7097475C2C84BEE300A0DE65 /* Custom_Edgeinserts.swift */ = {isa = PBXFileReference; lastKnownFileType = sourcecode.swift; path = Custom_Edgeinserts.swift; sourceTree = "<group>"; };
		7097475E2C84BF2B00A0DE65 /* PagePadidngs.swift */ = {isa = PBXFileReference; lastKnownFileType = sourcecode.swift; path = PagePadidngs.swift; sourceTree = "<group>"; };
		709747602C84C2A500A0DE65 /* Radius.swift */ = {isa = PBXFileReference; lastKnownFileType = sourcecode.swift; path = Radius.swift; sourceTree = "<group>"; };
		709747622C84C39600A0DE65 /* AppleButton.swift */ = {isa = PBXFileReference; lastKnownFileType = sourcecode.swift; path = AppleButton.swift; sourceTree = "<group>"; };
		709747652C84C53700A0DE65 /* ViewSize.swift */ = {isa = PBXFileReference; lastKnownFileType = sourcecode.swift; path = ViewSize.swift; sourceTree = "<group>"; };
		709747682C84C59B00A0DE65 /* EmailButton.swift */ = {isa = PBXFileReference; lastKnownFileType = sourcecode.swift; path = EmailButton.swift; sourceTree = "<group>"; };
		7097476A2C84CBCA00A0DE65 /* DynamicSize_GeometryProxy.swift */ = {isa = PBXFileReference; lastKnownFileType = sourcecode.swift; path = DynamicSize_GeometryProxy.swift; sourceTree = "<group>"; };
		7097476D2C84CDAA00A0DE65 /* OnboardView.swift */ = {isa = PBXFileReference; lastKnownFileType = sourcecode.swift; path = OnboardView.swift; sourceTree = "<group>"; };
		7097476F2C84CFB800A0DE65 /* NormalButton.swift */ = {isa = PBXFileReference; lastKnownFileType = sourcecode.swift; path = NormalButton.swift; sourceTree = "<group>"; };
		709747722C84D88800A0DE65 /* FontSize.swift */ = {isa = PBXFileReference; lastKnownFileType = sourcecode.swift; path = FontSize.swift; sourceTree = "<group>"; };
		709747742C84D95F00A0DE65 /* OnboardModel.swift */ = {isa = PBXFileReference; lastKnownFileType = sourcecode.swift; path = OnboardModel.swift; sourceTree = "<group>"; };
		709747772C850E6400A0DE65 /* LoginView.swift */ = {isa = PBXFileReference; lastKnownFileType = sourcecode.swift; path = LoginView.swift; sourceTree = "<group>"; };
		7097477A2C851CB000A0DE65 /* TextFieldModifier.swift */ = {isa = PBXFileReference; lastKnownFileType = sourcecode.swift; path = TextFieldModifier.swift; sourceTree = "<group>"; };
		7097477C2C866B9C00A0DE65 /* OnboardViewModel.swift */ = {isa = PBXFileReference; lastKnownFileType = sourcecode.swift; path = OnboardViewModel.swift; sourceTree = "<group>"; };
		7097477F2C866D3E00A0DE65 /* UserCacheItems.swift */ = {isa = PBXFileReference; lastKnownFileType = sourcecode.swift; path = UserCacheItems.swift; sourceTree = "<group>"; };
		709747832C887BFE00A0DE65 /* NetworkManager.swift */ = {isa = PBXFileReference; lastKnownFileType = sourcecode.swift; path = NetworkManager.swift; sourceTree = "<group>"; };
		709747862C887E4800A0DE65 /* UserResponse.swift */ = {isa = PBXFileReference; lastKnownFileType = sourcecode.swift; path = UserResponse.swift; sourceTree = "<group>"; };
		709747912C88884A00A0DE65 /* SnackoverflowTests.xctest */ = {isa = PBXFileReference; explicitFileType = wrapper.cfbundle; includeInIndex = 0; path = SnackoverflowTests.xctest; sourceTree = BUILT_PRODUCTS_DIR; };
		709747932C88884A00A0DE65 /* SnackoverflowTests.swift */ = {isa = PBXFileReference; lastKnownFileType = sourcecode.swift; path = SnackoverflowTests.swift; sourceTree = "<group>"; };
/* End PBXFileReference section */

/* Begin PBXFrameworksBuildPhase section */
		709747212C8481F100A0DE65 /* Frameworks */ = {
			isa = PBXFrameworksBuildPhase;
			buildActionMask = 2147483647;
			files = (
				7097479C2C8888A000A0DE65 /* Alamofire in Frameworks */,
			);
			runOnlyForDeploymentPostprocessing = 0;
		};
		7097478E2C88884A00A0DE65 /* Frameworks */ = {
			isa = PBXFrameworksBuildPhase;
			buildActionMask = 2147483647;
			files = (
			);
			runOnlyForDeploymentPostprocessing = 0;
		};
/* End PBXFrameworksBuildPhase section */

/* Begin PBXGroup section */
		7097471B2C8481F000A0DE65 = {
			isa = PBXGroup;
			children = (
				709747262C8481F100A0DE65 /* Snackoverflow */,
				709747922C88884A00A0DE65 /* SnackoverflowTests */,
				709747252C8481F100A0DE65 /* Products */,
			);
			sourceTree = "<group>";
		};
		709747252C8481F100A0DE65 /* Products */ = {
			isa = PBXGroup;
			children = (
				709747242C8481F100A0DE65 /* Snackoverflow.app */,
				709747912C88884A00A0DE65 /* SnackoverflowTests.xctest */,
			);
			name = Products;
			sourceTree = "<group>";
		};
		709747262C8481F100A0DE65 /* Snackoverflow */ = {
			isa = PBXGroup;
			children = (
				709747812C887BE700A0DE65 /* Core */,
				709747382C84826800A0DE65 /* Product */,
				709747372C84824B00A0DE65 /* Features */,
				709747362C84822D00A0DE65 /* Resources */,
				709747352C84821B00A0DE65 /* Utils */,
				709747272C8481F100A0DE65 /* SnackoverflowApp.swift */,
				709747292C8481F100A0DE65 /* ContentView.swift */,
				7097472D2C8481F200A0DE65 /* Preview Content */,
			);
			path = Snackoverflow;
			sourceTree = "<group>";
		};
		7097472D2C8481F200A0DE65 /* Preview Content */ = {
			isa = PBXGroup;
			children = (
				7097472E2C8481F200A0DE65 /* Preview Assets.xcassets */,
			);
			path = "Preview Content";
			sourceTree = "<group>";
		};
		709747352C84821B00A0DE65 /* Utils */ = {
			isa = PBXGroup;
			children = (
				7097477E2C866D2900A0DE65 /* Cache */,
				709747792C851C8000A0DE65 /* ViewModifiers */,
				709747712C84D87B00A0DE65 /* Fonts */,
				709747522C84B89500A0DE65 /* Local */,
				709747462C84924F00A0DE65 /* Extension */,
				709747422C84882F00A0DE65 /* Enums */,
			);
			path = Utils;
			sourceTree = "<group>";
		};
		709747362C84822D00A0DE65 /* Resources */ = {
			isa = PBXGroup;
			children = (
				709747412C8484D300A0DE65 /* Assets */,
			);
			path = Resources;
			sourceTree = "<group>";
		};
		709747372C84824B00A0DE65 /* Features */ = {
			isa = PBXGroup;
			children = (
				709747852C887E3900A0DE65 /* Model */,
				709747392C84827100A0DE65 /* Authentication */,
			);
			path = Features;
			sourceTree = "<group>";
		};
		709747382C84826800A0DE65 /* Product */ = {
			isa = PBXGroup;
			children = (
				7097474C2C849B9900A0DE65 /* Widgets */,
			);
			path = Product;
			sourceTree = "<group>";
		};
		709747392C84827100A0DE65 /* Authentication */ = {
			isa = PBXGroup;
			children = (
				709747762C850E5100A0DE65 /* Login */,
				7097476C2C84CD9000A0DE65 /* Onboard */,
				7097473A2C84829700A0DE65 /* Welcome */,
			);
			path = Authentication;
			sourceTree = "<group>";
		};
		7097473A2C84829700A0DE65 /* Welcome */ = {
			isa = PBXGroup;
			children = (
				7097473B2C8482D500A0DE65 /* WellcomeView.swift */,
			);
			path = Welcome;
			sourceTree = "<group>";
		};
		709747412C8484D300A0DE65 /* Assets */ = {
			isa = PBXGroup;
			children = (
				7097472B2C8481F200A0DE65 /* Assets.xcassets */,
				7097473D2C8484A400A0DE65 /* Colors.xcassets */,
				7097473F2C8484CA00A0DE65 /* Images.xcassets */,
			);
			path = Assets;
			sourceTree = "<group>";
		};
		709747422C84882F00A0DE65 /* Enums */ = {
			isa = PBXGroup;
			children = (
				709747642C84C52C00A0DE65 /* Size */,
				709747442C84884C00A0DE65 /* Images.swift */,
				7097474A2C8492DF00A0DE65 /* Icons.swift */,
				7097475E2C84BF2B00A0DE65 /* PagePadidngs.swift */,
				709747602C84C2A500A0DE65 /* Radius.swift */,
			);
			path = Enums;
			sourceTree = "<group>";
		};
		709747462C84924F00A0DE65 /* Extension */ = {
			isa = PBXGroup;
			children = (
				7097475C2C84BEE300A0DE65 /* Custom_Edgeinserts.swift */,
				709747472C84926200A0DE65 /* Colors.swift */,
				709747502C84B5AF00A0DE65 /* EdgeInserts.swift */,
				7097476A2C84CBCA00A0DE65 /* DynamicSize_GeometryProxy.swift */,
			);
			path = Extension;
			sourceTree = "<group>";
		};
		7097474C2C849B9900A0DE65 /* Widgets */ = {
			isa = PBXGroup;
			children = (
				7097474D2C849BA000A0DE65 /* Buttons */,
			);
			path = Widgets;
			sourceTree = "<group>";
		};
		7097474D2C849BA000A0DE65 /* Buttons */ = {
			isa = PBXGroup;
			children = (
				7097474E2C849BB500A0DE65 /* FacebookButton.swift */,
				7097475A2C84BDF000A0DE65 /* GoogleButton.swift */,
				709747622C84C39600A0DE65 /* AppleButton.swift */,
				709747682C84C59B00A0DE65 /* EmailButton.swift */,
				7097476F2C84CFB800A0DE65 /* NormalButton.swift */,
			);
			path = Buttons;
			sourceTree = "<group>";
		};
		709747522C84B89500A0DE65 /* Local */ = {
			isa = PBXGroup;
			children = (
				709747552C84B8FC00A0DE65 /* Localizable.strings */,
				709747582C84BB2700A0DE65 /* LocalKeys.swift */,
			);
			path = Local;
			sourceTree = "<group>";
		};
		709747642C84C52C00A0DE65 /* Size */ = {
			isa = PBXGroup;
			children = (
				709747652C84C53700A0DE65 /* ViewSize.swift */,
			);
			path = Size;
			sourceTree = "<group>";
		};
		7097476C2C84CD9000A0DE65 /* Onboard */ = {
			isa = PBXGroup;
			children = (
				7097476D2C84CDAA00A0DE65 /* OnboardView.swift */,
				709747742C84D95F00A0DE65 /* OnboardModel.swift */,
				7097477C2C866B9C00A0DE65 /* OnboardViewModel.swift */,
			);
			path = Onboard;
			sourceTree = "<group>";
		};
		709747712C84D87B00A0DE65 /* Fonts */ = {
			isa = PBXGroup;
			children = (
				709747722C84D88800A0DE65 /* FontSize.swift */,
			);
			path = Fonts;
			sourceTree = "<group>";
		};
		709747762C850E5100A0DE65 /* Login */ = {
			isa = PBXGroup;
			children = (
				709747772C850E6400A0DE65 /* LoginView.swift */,
			);
			path = Login;
			sourceTree = "<group>";
		};
		709747792C851C8000A0DE65 /* ViewModifiers */ = {
			isa = PBXGroup;
			children = (
				7097477A2C851CB000A0DE65 /* TextFieldModifier.swift */,
			);
			path = ViewModifiers;
			sourceTree = "<group>";
		};
		7097477E2C866D2900A0DE65 /* Cache */ = {
			isa = PBXGroup;
			children = (
				7097477F2C866D3E00A0DE65 /* UserCacheItems.swift */,
			);
			path = Cache;
			sourceTree = "<group>";
		};
		709747812C887BE700A0DE65 /* Core */ = {
			isa = PBXGroup;
			children = (
				709747822C887BED00A0DE65 /* Network */,
			);
			path = Core;
			sourceTree = "<group>";
		};
		709747822C887BED00A0DE65 /* Network */ = {
			isa = PBXGroup;
			children = (
				709747832C887BFE00A0DE65 /* NetworkManager.swift */,
			);
			path = Network;
			sourceTree = "<group>";
		};
		709747852C887E3900A0DE65 /* Model */ = {
			isa = PBXGroup;
			children = (
				709747862C887E4800A0DE65 /* UserResponse.swift */,
			);
			path = Model;
			sourceTree = "<group>";
		};
		709747922C88884A00A0DE65 /* SnackoverflowTests */ = {
			isa = PBXGroup;
			children = (
				709747932C88884A00A0DE65 /* SnackoverflowTests.swift */,
			);
			path = SnackoverflowTests;
			sourceTree = "<group>";
		};
/* End PBXGroup section */

/* Begin PBXNativeTarget section */
		709747232C8481F100A0DE65 /* Snackoverflow */ = {
			isa = PBXNativeTarget;
			buildConfigurationList = 709747322C8481F200A0DE65 /* Build configuration list for PBXNativeTarget "Snackoverflow" */;
			buildPhases = (
				709747202C8481F100A0DE65 /* Sources */,
				709747212C8481F100A0DE65 /* Frameworks */,
				709747222C8481F100A0DE65 /* Resources */,
			);
			buildRules = (
			);
			dependencies = (
			);
			name = Snackoverflow;
			packageProductDependencies = (
				7097479B2C8888A000A0DE65 /* Alamofire */,
			);
			productName = Snackoverflow;
			productReference = 709747242C8481F100A0DE65 /* Snackoverflow.app */;
			productType = "com.apple.product-type.application";
		};
		709747902C88884A00A0DE65 /* SnackoverflowTests */ = {
			isa = PBXNativeTarget;
			buildConfigurationList = 709747972C88884A00A0DE65 /* Build configuration list for PBXNativeTarget "SnackoverflowTests" */;
			buildPhases = (
				7097478D2C88884A00A0DE65 /* Sources */,
				7097478E2C88884A00A0DE65 /* Frameworks */,
				7097478F2C88884A00A0DE65 /* Resources */,
			);
			buildRules = (
			);
			dependencies = (
				709747962C88884A00A0DE65 /* PBXTargetDependency */,
			);
			name = SnackoverflowTests;
			productName = SnackoverflowTests;
			productReference = 709747912C88884A00A0DE65 /* SnackoverflowTests.xctest */;
			productType = "com.apple.product-type.bundle.unit-test";
		};
/* End PBXNativeTarget section */

/* Begin PBXProject section */
		7097471C2C8481F000A0DE65 /* Project object */ = {
			isa = PBXProject;
			attributes = {
				BuildIndependentTargetsInParallel = 1;
				LastSwiftUpdateCheck = 1540;
				LastUpgradeCheck = 1540;
				TargetAttributes = {
					709747232C8481F100A0DE65 = {
						CreatedOnToolsVersion = 15.4;
					};
					709747902C88884A00A0DE65 = {
						CreatedOnToolsVersion = 15.4;
						TestTargetID = 709747232C8481F100A0DE65;
					};
				};
			};
			buildConfigurationList = 7097471F2C8481F000A0DE65 /* Build configuration list for PBXProject "Snackoverflow" */;
			compatibilityVersion = "Xcode 14.0";
			developmentRegion = en;
			hasScannedForEncodings = 0;
			knownRegions = (
				en,
				Base,
			);
			mainGroup = 7097471B2C8481F000A0DE65;
			packageReferences = (
				7097479A2C8888A000A0DE65 /* XCRemoteSwiftPackageReference "Alamofire" */,
			);
			productRefGroup = 709747252C8481F100A0DE65 /* Products */;
			projectDirPath = "";
			projectRoot = "";
			targets = (
				709747232C8481F100A0DE65 /* Snackoverflow */,
				709747902C88884A00A0DE65 /* SnackoverflowTests */,
			);
		};
/* End PBXProject section */

/* Begin PBXResourcesBuildPhase section */
		709747222C8481F100A0DE65 /* Resources */ = {
			isa = PBXResourcesBuildPhase;
			buildActionMask = 2147483647;
			files = (
				7097472F2C8481F200A0DE65 /* Preview Assets.xcassets in Resources */,
				709747572C84B8FC00A0DE65 /* Localizable.strings in Resources */,
				709747402C8484CA00A0DE65 /* Images.xcassets in Resources */,
				7097472C2C8481F200A0DE65 /* Assets.xcassets in Resources */,
				7097473E2C8484A400A0DE65 /* Colors.xcassets in Resources */,
			);
			runOnlyForDeploymentPostprocessing = 0;
		};
		7097478F2C88884A00A0DE65 /* Resources */ = {
			isa = PBXResourcesBuildPhase;
			buildActionMask = 2147483647;
			files = (
			);
			runOnlyForDeploymentPostprocessing = 0;
		};
/* End PBXResourcesBuildPhase section */

/* Begin PBXSourcesBuildPhase section */
		709747202C8481F100A0DE65 /* Sources */ = {
			isa = PBXSourcesBuildPhase;
			buildActionMask = 2147483647;
			files = (
				7097476B2C84CBCA00A0DE65 /* DynamicSize_GeometryProxy.swift in Sources */,
				709747692C84C59B00A0DE65 /* EmailButton.swift in Sources */,
				7097472A2C8481F100A0DE65 /* ContentView.swift in Sources */,
				709747512C84B5AF00A0DE65 /* EdgeInserts.swift in Sources */,
				709747482C84926200A0DE65 /* Colors.swift in Sources */,
				709747802C866D3E00A0DE65 /* UserCacheItems.swift in Sources */,
				7097474B2C8492DF00A0DE65 /* Icons.swift in Sources */,
				7097475D2C84BEE300A0DE65 /* Custom_Edgeinserts.swift in Sources */,
				709747752C84D95F00A0DE65 /* OnboardModel.swift in Sources */,
				709747782C850E6400A0DE65 /* LoginView.swift in Sources */,
				7097475B2C84BDF000A0DE65 /* GoogleButton.swift in Sources */,
				7097477D2C866B9C00A0DE65 /* OnboardViewModel.swift in Sources */,
				709747632C84C39600A0DE65 /* AppleButton.swift in Sources */,
				709747592C84BB2700A0DE65 /* LocalKeys.swift in Sources */,
				7097476E2C84CDAA00A0DE65 /* OnboardView.swift in Sources */,
				709747732C84D88800A0DE65 /* FontSize.swift in Sources */,
				709747842C887BFE00A0DE65 /* NetworkManager.swift in Sources */,
				709747872C887E4800A0DE65 /* UserResponse.swift in Sources */,
				709747702C84CFB800A0DE65 /* NormalButton.swift in Sources */,
				709747612C84C2A500A0DE65 /* Radius.swift in Sources */,
				7097474F2C849BB500A0DE65 /* FacebookButton.swift in Sources */,
				7097477B2C851CB000A0DE65 /* TextFieldModifier.swift in Sources */,
				709747662C84C53700A0DE65 /* ViewSize.swift in Sources */,
				7097475F2C84BF2B00A0DE65 /* PagePadidngs.swift in Sources */,
				709747452C84884C00A0DE65 /* Images.swift in Sources */,
				709747282C8481F100A0DE65 /* SnackoverflowApp.swift in Sources */,
				7097473C2C8482D500A0DE65 /* WellcomeView.swift in Sources */,
			);
			runOnlyForDeploymentPostprocessing = 0;
		};
		7097478D2C88884A00A0DE65 /* Sources */ = {
			isa = PBXSourcesBuildPhase;
			buildActionMask = 2147483647;
			files = (
				709747942C88884A00A0DE65 /* SnackoverflowTests.swift in Sources */,
			);
			runOnlyForDeploymentPostprocessing = 0;
		};
/* End PBXSourcesBuildPhase section */

/* Begin PBXTargetDependency section */
		709747962C88884A00A0DE65 /* PBXTargetDependency */ = {
			isa = PBXTargetDependency;
			target = 709747232C8481F100A0DE65 /* Snackoverflow */;
			targetProxy = 709747952C88884A00A0DE65 /* PBXContainerItemProxy */;
		};
/* End PBXTargetDependency section */

/* Begin PBXVariantGroup section */
		709747552C84B8FC00A0DE65 /* Localizable.strings */ = {
			isa = PBXVariantGroup;
			children = (
				709747562C84B8FC00A0DE65 /* en */,
			);
			name = Localizable.strings;
			sourceTree = "<group>";
		};
/* End PBXVariantGroup section */

/* Begin XCBuildConfiguration section */
		709747302C8481F200A0DE65 /* Debug */ = {
			isa = XCBuildConfiguration;
			buildSettings = {
				ALWAYS_SEARCH_USER_PATHS = NO;
				ASSETCATALOG_COMPILER_GENERATE_SWIFT_ASSET_SYMBOL_EXTENSIONS = YES;
				CLANG_ANALYZER_NONNULL = YES;
				CLANG_ANALYZER_NUMBER_OBJECT_CONVERSION = YES_AGGRESSIVE;
				CLANG_CXX_LANGUAGE_STANDARD = "gnu++20";
				CLANG_ENABLE_MODULES = YES;
				CLANG_ENABLE_OBJC_ARC = YES;
				CLANG_ENABLE_OBJC_WEAK = YES;
				CLANG_WARN_BLOCK_CAPTURE_AUTORELEASING = YES;
				CLANG_WARN_BOOL_CONVERSION = YES;
				CLANG_WARN_COMMA = YES;
				CLANG_WARN_CONSTANT_CONVERSION = YES;
				CLANG_WARN_DEPRECATED_OBJC_IMPLEMENTATIONS = YES;
				CLANG_WARN_DIRECT_OBJC_ISA_USAGE = YES_ERROR;
				CLANG_WARN_DOCUMENTATION_COMMENTS = YES;
				CLANG_WARN_EMPTY_BODY = YES;
				CLANG_WARN_ENUM_CONVERSION = YES;
				CLANG_WARN_INFINITE_RECURSION = YES;
				CLANG_WARN_INT_CONVERSION = YES;
				CLANG_WARN_NON_LITERAL_NULL_CONVERSION = YES;
				CLANG_WARN_OBJC_IMPLICIT_RETAIN_SELF = YES;
				CLANG_WARN_OBJC_LITERAL_CONVERSION = YES;
				CLANG_WARN_OBJC_ROOT_CLASS = YES_ERROR;
				CLANG_WARN_QUOTED_INCLUDE_IN_FRAMEWORK_HEADER = YES;
				CLANG_WARN_RANGE_LOOP_ANALYSIS = YES;
				CLANG_WARN_STRICT_PROTOTYPES = YES;
				CLANG_WARN_SUSPICIOUS_MOVE = YES;
				CLANG_WARN_UNGUARDED_AVAILABILITY = YES_AGGRESSIVE;
				CLANG_WARN_UNREACHABLE_CODE = YES;
				CLANG_WARN__DUPLICATE_METHOD_MATCH = YES;
				COPY_PHASE_STRIP = NO;
				DEBUG_INFORMATION_FORMAT = dwarf;
				ENABLE_STRICT_OBJC_MSGSEND = YES;
				ENABLE_TESTABILITY = YES;
				ENABLE_USER_SCRIPT_SANDBOXING = YES;
				GCC_C_LANGUAGE_STANDARD = gnu17;
				GCC_DYNAMIC_NO_PIC = NO;
				GCC_NO_COMMON_BLOCKS = YES;
				GCC_OPTIMIZATION_LEVEL = 0;
				GCC_PREPROCESSOR_DEFINITIONS = (
					"DEBUG=1",
					"$(inherited)",
				);
				GCC_WARN_64_TO_32_BIT_CONVERSION = YES;
				GCC_WARN_ABOUT_RETURN_TYPE = YES_ERROR;
				GCC_WARN_UNDECLARED_SELECTOR = YES;
				GCC_WARN_UNINITIALIZED_AUTOS = YES_AGGRESSIVE;
				GCC_WARN_UNUSED_FUNCTION = YES;
				GCC_WARN_UNUSED_VARIABLE = YES;
				IPHONEOS_DEPLOYMENT_TARGET = 17.5;
				LOCALIZATION_PREFERS_STRING_CATALOGS = YES;
				MTL_ENABLE_DEBUG_INFO = INCLUDE_SOURCE;
				MTL_FAST_MATH = YES;
				ONLY_ACTIVE_ARCH = YES;
				SDKROOT = iphoneos;
				SWIFT_ACTIVE_COMPILATION_CONDITIONS = "DEBUG $(inherited)";
				SWIFT_OPTIMIZATION_LEVEL = "-Onone";
			};
			name = Debug;
		};
		709747312C8481F200A0DE65 /* Release */ = {
			isa = XCBuildConfiguration;
			buildSettings = {
				ALWAYS_SEARCH_USER_PATHS = NO;
				ASSETCATALOG_COMPILER_GENERATE_SWIFT_ASSET_SYMBOL_EXTENSIONS = YES;
				CLANG_ANALYZER_NONNULL = YES;
				CLANG_ANALYZER_NUMBER_OBJECT_CONVERSION = YES_AGGRESSIVE;
				CLANG_CXX_LANGUAGE_STANDARD = "gnu++20";
				CLANG_ENABLE_MODULES = YES;
				CLANG_ENABLE_OBJC_ARC = YES;
				CLANG_ENABLE_OBJC_WEAK = YES;
				CLANG_WARN_BLOCK_CAPTURE_AUTORELEASING = YES;
				CLANG_WARN_BOOL_CONVERSION = YES;
				CLANG_WARN_COMMA = YES;
				CLANG_WARN_CONSTANT_CONVERSION = YES;
				CLANG_WARN_DEPRECATED_OBJC_IMPLEMENTATIONS = YES;
				CLANG_WARN_DIRECT_OBJC_ISA_USAGE = YES_ERROR;
				CLANG_WARN_DOCUMENTATION_COMMENTS = YES;
				CLANG_WARN_EMPTY_BODY = YES;
				CLANG_WARN_ENUM_CONVERSION = YES;
				CLANG_WARN_INFINITE_RECURSION = YES;
				CLANG_WARN_INT_CONVERSION = YES;
				CLANG_WARN_NON_LITERAL_NULL_CONVERSION = YES;
				CLANG_WARN_OBJC_IMPLICIT_RETAIN_SELF = YES;
				CLANG_WARN_OBJC_LITERAL_CONVERSION = YES;
				CLANG_WARN_OBJC_ROOT_CLASS = YES_ERROR;
				CLANG_WARN_QUOTED_INCLUDE_IN_FRAMEWORK_HEADER = YES;
				CLANG_WARN_RANGE_LOOP_ANALYSIS = YES;
				CLANG_WARN_STRICT_PROTOTYPES = YES;
				CLANG_WARN_SUSPICIOUS_MOVE = YES;
				CLANG_WARN_UNGUARDED_AVAILABILITY = YES_AGGRESSIVE;
				CLANG_WARN_UNREACHABLE_CODE = YES;
				CLANG_WARN__DUPLICATE_METHOD_MATCH = YES;
				COPY_PHASE_STRIP = NO;
				DEBUG_INFORMATION_FORMAT = "dwarf-with-dsym";
				ENABLE_NS_ASSERTIONS = NO;
				ENABLE_STRICT_OBJC_MSGSEND = YES;
				ENABLE_USER_SCRIPT_SANDBOXING = YES;
				GCC_C_LANGUAGE_STANDARD = gnu17;
				GCC_NO_COMMON_BLOCKS = YES;
				GCC_WARN_64_TO_32_BIT_CONVERSION = YES;
				GCC_WARN_ABOUT_RETURN_TYPE = YES_ERROR;
				GCC_WARN_UNDECLARED_SELECTOR = YES;
				GCC_WARN_UNINITIALIZED_AUTOS = YES_AGGRESSIVE;
				GCC_WARN_UNUSED_FUNCTION = YES;
				GCC_WARN_UNUSED_VARIABLE = YES;
				IPHONEOS_DEPLOYMENT_TARGET = 17.5;
				LOCALIZATION_PREFERS_STRING_CATALOGS = YES;
				MTL_ENABLE_DEBUG_INFO = NO;
				MTL_FAST_MATH = YES;
				SDKROOT = iphoneos;
				SWIFT_COMPILATION_MODE = wholemodule;
				VALIDATE_PRODUCT = YES;
			};
			name = Release;
		};
		709747332C8481F200A0DE65 /* Debug */ = {
			isa = XCBuildConfiguration;
			buildSettings = {
				ASSETCATALOG_COMPILER_APPICON_NAME = AppIcon;
				ASSETCATALOG_COMPILER_GLOBAL_ACCENT_COLOR_NAME = AccentColor;
				CODE_SIGN_STYLE = Automatic;
				CURRENT_PROJECT_VERSION = 1;
				DEVELOPMENT_ASSET_PATHS = "\"Snackoverflow/Preview Content\"";
				DEVELOPMENT_TEAM = UM72S4X4DC;
				ENABLE_PREVIEWS = YES;
				GENERATE_INFOPLIST_FILE = YES;
				INFOPLIST_KEY_UIApplicationSceneManifest_Generation = YES;
				INFOPLIST_KEY_UIApplicationSupportsIndirectInputEvents = YES;
				INFOPLIST_KEY_UILaunchScreen_Generation = YES;
				INFOPLIST_KEY_UISupportedInterfaceOrientations_iPad = "UIInterfaceOrientationPortrait UIInterfaceOrientationPortraitUpsideDown UIInterfaceOrientationLandscapeLeft UIInterfaceOrientationLandscapeRight";
				INFOPLIST_KEY_UISupportedInterfaceOrientations_iPhone = "UIInterfaceOrientationPortrait UIInterfaceOrientationLandscapeLeft UIInterfaceOrientationLandscapeRight";
				LD_RUNPATH_SEARCH_PATHS = (
					"$(inherited)",
					"@executable_path/Frameworks",
				);
				MARKETING_VERSION = 1.0;
				PRODUCT_BUNDLE_IDENTIFIER = com.erenkorkmaz.Snackoverflow;
				PRODUCT_NAME = "$(TARGET_NAME)";
				SWIFT_EMIT_LOC_STRINGS = YES;
				SWIFT_VERSION = 5.0;
				TARGETED_DEVICE_FAMILY = "1,2";
			};
			name = Debug;
		};
		709747342C8481F200A0DE65 /* Release */ = {
			isa = XCBuildConfiguration;
			buildSettings = {
				ASSETCATALOG_COMPILER_APPICON_NAME = AppIcon;
				ASSETCATALOG_COMPILER_GLOBAL_ACCENT_COLOR_NAME = AccentColor;
				CODE_SIGN_STYLE = Automatic;
				CURRENT_PROJECT_VERSION = 1;
				DEVELOPMENT_ASSET_PATHS = "\"Snackoverflow/Preview Content\"";
				DEVELOPMENT_TEAM = UM72S4X4DC;
				ENABLE_PREVIEWS = YES;
				GENERATE_INFOPLIST_FILE = YES;
				INFOPLIST_KEY_UIApplicationSceneManifest_Generation = YES;
				INFOPLIST_KEY_UIApplicationSupportsIndirectInputEvents = YES;
				INFOPLIST_KEY_UILaunchScreen_Generation = YES;
				INFOPLIST_KEY_UISupportedInterfaceOrientations_iPad = "UIInterfaceOrientationPortrait UIInterfaceOrientationPortraitUpsideDown UIInterfaceOrientationLandscapeLeft UIInterfaceOrientationLandscapeRight";
				INFOPLIST_KEY_UISupportedInterfaceOrientations_iPhone = "UIInterfaceOrientationPortrait UIInterfaceOrientationLandscapeLeft UIInterfaceOrientationLandscapeRight";
				LD_RUNPATH_SEARCH_PATHS = (
					"$(inherited)",
					"@executable_path/Frameworks",
				);
				MARKETING_VERSION = 1.0;
				PRODUCT_BUNDLE_IDENTIFIER = com.erenkorkmaz.Snackoverflow;
				PRODUCT_NAME = "$(TARGET_NAME)";
				SWIFT_EMIT_LOC_STRINGS = YES;
				SWIFT_VERSION = 5.0;
				TARGETED_DEVICE_FAMILY = "1,2";
			};
			name = Release;
		};
		709747982C88884A00A0DE65 /* Debug */ = {
			isa = XCBuildConfiguration;
			buildSettings = {
				BUNDLE_LOADER = "$(TEST_HOST)";
				CODE_SIGN_STYLE = Automatic;
				CURRENT_PROJECT_VERSION = 1;
				DEVELOPMENT_TEAM = UM72S4X4DC;
				GENERATE_INFOPLIST_FILE = YES;
				MARKETING_VERSION = 1.0;
				PRODUCT_BUNDLE_IDENTIFIER = com.erenkorkmaz.SnackoverflowTests;
				PRODUCT_NAME = "$(TARGET_NAME)";
				SWIFT_EMIT_LOC_STRINGS = NO;
				SWIFT_VERSION = 5.0;
				TARGETED_DEVICE_FAMILY = "1,2";
				TEST_HOST = "$(BUILT_PRODUCTS_DIR)/Snackoverflow.app/$(BUNDLE_EXECUTABLE_FOLDER_PATH)/Snackoverflow";
			};
			name = Debug;
		};
		709747992C88884A00A0DE65 /* Release */ = {
			isa = XCBuildConfiguration;
			buildSettings = {
				BUNDLE_LOADER = "$(TEST_HOST)";
				CODE_SIGN_STYLE = Automatic;
				CURRENT_PROJECT_VERSION = 1;
				DEVELOPMENT_TEAM = UM72S4X4DC;
				GENERATE_INFOPLIST_FILE = YES;
				MARKETING_VERSION = 1.0;
				PRODUCT_BUNDLE_IDENTIFIER = com.erenkorkmaz.SnackoverflowTests;
				PRODUCT_NAME = "$(TARGET_NAME)";
				SWIFT_EMIT_LOC_STRINGS = NO;
				SWIFT_VERSION = 5.0;
				TARGETED_DEVICE_FAMILY = "1,2";
				TEST_HOST = "$(BUILT_PRODUCTS_DIR)/Snackoverflow.app/$(BUNDLE_EXECUTABLE_FOLDER_PATH)/Snackoverflow";
			};
			name = Release;
		};
/* End XCBuildConfiguration section */

/* Begin XCConfigurationList section */
		7097471F2C8481F000A0DE65 /* Build configuration list for PBXProject "Snackoverflow" */ = {
			isa = XCConfigurationList;
			buildConfigurations = (
				709747302C8481F200A0DE65 /* Debug */,
				709747312C8481F200A0DE65 /* Release */,
			);
			defaultConfigurationIsVisible = 0;
			defaultConfigurationName = Release;
		};
		709747322C8481F200A0DE65 /* Build configuration list for PBXNativeTarget "Snackoverflow" */ = {
			isa = XCConfigurationList;
			buildConfigurations = (
				709747332C8481F200A0DE65 /* Debug */,
				709747342C8481F200A0DE65 /* Release */,
			);
			defaultConfigurationIsVisible = 0;
			defaultConfigurationName = Release;
		};
		709747972C88884A00A0DE65 /* Build configuration list for PBXNativeTarget "SnackoverflowTests" */ = {
			isa = XCConfigurationList;
			buildConfigurations = (
				709747982C88884A00A0DE65 /* Debug */,
				709747992C88884A00A0DE65 /* Release */,
			);
			defaultConfigurationIsVisible = 0;
			defaultConfigurationName = Release;
		};
/* End XCConfigurationList section */

/* Begin XCRemoteSwiftPackageReference section */
		7097479A2C8888A000A0DE65 /* XCRemoteSwiftPackageReference "Alamofire" */ = {
			isa = XCRemoteSwiftPackageReference;
			repositoryURL = "https://github.com/Alamofire/Alamofire";
			requirement = {
				kind = upToNextMajorVersion;
				minimumVersion = 5.9.1;
			};
		};
/* End XCRemoteSwiftPackageReference section */

/* Begin XCSwiftPackageProductDependency section */
		7097479B2C8888A000A0DE65 /* Alamofire */ = {
			isa = XCSwiftPackageProductDependency;
			package = 7097479A2C8888A000A0DE65 /* XCRemoteSwiftPackageReference "Alamofire" */;
			productName = Alamofire;
		};
/* End XCSwiftPackageProductDependency section */
	};
	rootObject = 7097471C2C8481F000A0DE65 /* Project object */;
}
